
Microsoft Visual Studio Solution File, Format Version 12.00
# Visual Studio Version 16
VisualStudioVersion = 16.0.31729.503
MinimumVisualStudioVersion = 10.0.40219.1
Project("{8BC9CEB8-8B4A-11D0-8D11-00A0C91BC942}") = "Prosit 1 Ressources1", "Prosit 1 Ressources\Prosit 1 Ressources.vcxproj", "{FAC10882-9A11-45D6-9D69-FEBF625B4986}"
EndProject
Project("{8BC9CEB8-8B4A-11D0-8D11-00A0C91BC942}") = "Prosit 1 Ressources2", "Projet\Projet.vcxproj", "{382BFB9E-F42E-4469-92A3-152A52566457}"
EndProject
Project("{8BC9CEB8-8B4A-11D0-8D11-00A0C91BC942}") = "Prosit 1 Corbeille ex 1", "Prosit 1 Corbeille\Prosit 1 Corbeille.vcxproj", "{F41FFCFA-E657-4C1C-88A3-E525239AF929}"
EndProject
Project("{8BC9CEB8-8B4A-11D0-8D11-00A0C91BC942}") = "Prosit 1 Corbeille ex 2 et 3", "Prosit 1 Corbeille ex 2\Prosit 1 Corbeille ex 2.vcxproj", "{C1A2F9F5-54F5-4ED1-8EE7-229B79209E4F}"
EndProject
Project("{8BC9CEB8-8B4A-11D0-8D11-00A0C91BC942}") = "Prosit 1 corbeille ex4", "Prosit 1 corbeille ex4\Prosit 1 corbeille ex4.vcxproj", "{9AF88779-D9B2-4680-8BD9-9B04F2AE98DB}"
EndProject
Project("{8BC9CEB8-8B4A-11D0-8D11-00A0C91BC942}") = "Prosit 1", "Prosit 1\Prosit 1.vcxproj", "{47977DBA-433B-490A-9E7F-235A2FBDF1DC}"
EndProject
Project("{8BC9CEB8-8B4A-11D0-8D11-00A0C91BC942}") = "Prosit 2 ressource", "Prosit 2 ressource\Prosit 2 ressource.vcxproj", "{5F6D54AA-7895-4FA7-BBA9-A0E0DFEAC363}"
EndProject
Project("{8BC9CEB8-8B4A-11D0-8D11-00A0C91BC942}") = "Prosit 2 Corbeille ex 1", "Prosit 2 corbeille ex1\Prosit 2 corbeille ex1.vcxproj", "{36433E4E-E5DA-476F-8A24-F567CB7C56A8}"
EndProject
Project("{8BC9CEB8-8B4A-11D0-8D11-00A0C91BC942}") = "Prosit 2 corbeille ex 2", "Prosit 2 corbeille w2\Prosit 2 corbeille w2.vcxproj", "{2BF7B4A4-41A6-4E6B-819B-6D151991AADC}"
EndProject
Project("{8BC9CEB8-8B4A-11D0-8D11-00A0C91BC942}") = "Prosit 2 corbeille ex 3", "Prosit 2 corbeille ex 3\Prosit 2 corbeille ex 3.vcxproj", "{F34FE520-3C7D-4B56-919B-638D2FADC257}"
EndProject
Project("{8BC9CEB8-8B4A-11D0-8D11-00A0C91BC942}") = "Prosit 2 workshop ex 1 ex 2 ex 3", "Prosit 2 workshop\Prosit 2 workshop.vcxproj", "{AB4823DD-1314-4D49-B5F4-74EC130358A7}"
EndProject
Project("{8BC9CEB8-8B4A-11D0-8D11-00A0C91BC942}") = "Prosit 2 corbeille ex 4", "Prosit 2 corbeille ex 4\Prosit 2 corbeille ex 4.vcxproj", "{715396E2-0386-416F-8731-29A6201E27EB}"
EndProject
Project("{8BC9CEB8-8B4A-11D0-8D11-00A0C91BC942}") = "Prosit 2 corbeille ex 5", "Prosit 2 corbeille ex 5\Prosit 2 corbeille ex 5.vcxproj", "{D8729DBC-0E35-42B0-B2CF-3B9D585196A5}"
EndProject
Project("{8BC9CEB8-8B4A-11D0-8D11-00A0C91BC942}") = "Prosit 2 workshop ex 4", "Prosit 2 workshop ex 4\Prosit 2 workshop ex 4.vcxproj", "{E3E3B5CF-2CF9-4A31-B350-E770E63ECF26}"
EndProject
Project("{8BC9CEB8-8B4A-11D0-8D11-00A0C91BC942}") = "Prosit 2", "Prosit 2\Prosit 2.vcxproj", "{32CD97F4-1B2A-47DB-9DAE-94B08EE9E086}"
EndProject
Project("{8BC9CEB8-8B4A-11D0-8D11-00A0C91BC942}") = "Prosit 3 ressource Héritage", "Prosit 3 ressource 1\Prosit 3 ressource 1.vcxproj", "{C5B9E0EA-B68A-43B2-BF44-C57AE6DE4664}"
EndProject
Project("{8BC9CEB8-8B4A-11D0-8D11-00A0C91BC942}") = "Prosit 3 ressource Abstract", "Prosit 3 ressource Abstract\Prosit 3 ressource Abstract.vcxproj", "{677397DE-6318-444D-BF68-DF7CD292F2B8}"
EndProject
Project("{8BC9CEB8-8B4A-11D0-8D11-00A0C91BC942}") = "Prosit 3 ressource Virtuelle", "Prosit 3 ressource Virtuelle\Prosit 3 ressource Virtuelle.vcxproj", "{906A5304-943A-4180-BCBD-2F76577D757A}"
EndProject
Project("{8BC9CEB8-8B4A-11D0-8D11-00A0C91BC942}") = "Prosit 3 corbeille ex 1", "Prosit 3 corbeille ex 1\Prosit 3 corbeille ex 1.vcxproj", "{B286A185-9EEC-4FEC-89DC-389763396182}"
EndProject
Project("{8BC9CEB8-8B4A-11D0-8D11-00A0C91BC942}") = "Prosit 3 corbeille ex 2", "Prosit 3 corbeille ex 2\Prosit 3 corbeille ex 2.vcxproj", "{78EC4301-5590-4042-A9F3-F0781E3DBD10}"
EndProject
Project("{8BC9CEB8-8B4A-11D0-8D11-00A0C91BC942}") = "Prosit 3 corbeille ex 3", "Project1\Project1.vcxproj", "{AE5F70E7-B886-4B24-BF21-A75C846CC774}"
EndProject
Project("{8BC9CEB8-8B4A-11D0-8D11-00A0C91BC942}") = "Prosit 3", "Prosit 3 rework\Prosit 3 rework.vcxproj", "{9EAD1C0A-1ACD-426B-AC1A-A571C55EA5A5}"
EndProject
Project("{8BC9CEB8-8B4A-11D0-8D11-00A0C91BC942}") = "Prosit 4 ressource Pointeur de fonctions", "Prosit 4 ressource Pointeur de fonctions\Prosit 4 ressource Pointeur de fonctions.vcxproj", "{54F42FA2-6789-4DBC-8F15-DF93A4EA3BBC}"
EndProject
Project("{8BC9CEB8-8B4A-11D0-8D11-00A0C91BC942}") = "Prosit 4 ressource Liste Chainée", "Prosit 4 ressource Liste Chainée\Prosit 4 ressource Liste Chainée.vcxproj", "{3305411C-2EA3-4B54-B82E-05A67D0C7742}"
EndProject
Project("{8BC9CEB8-8B4A-11D0-8D11-00A0C91BC942}") = "Prosit 4 ressource evt", "Prosit 4 ressource evt\Prosit 4 ressource evt.vcxproj", "{9F5D6150-96E0-4C26-BFEF-B6BB5E2B4EEE}"
EndProject
Project("{8BC9CEB8-8B4A-11D0-8D11-00A0C91BC942}") = "Prosit 4 ressource Destructeur", "Prosit 4 ressource Destructeur\Prosit 4 ressource Destructeur.vcxproj", "{AC6DB9A6-0D07-4FED-956B-E8263F106529}"
EndProject
Project("{8BC9CEB8-8B4A-11D0-8D11-00A0C91BC942}") = "Prosit 4 corbeille ex 1", "Prosit 4 corbeille ex 1\Prosit 4 corbeille ex 1.vcxproj", "{C6970B49-FE58-420C-8459-40EA11B34EA3}"
EndProject
Project("{8BC9CEB8-8B4A-11D0-8D11-00A0C91BC942}") = "Prosit 4 corbeille ex 2", "Prosit 4 corbeille ex 2\Prosit 4 corbeille ex 2.vcxproj", "{3D0C0334-63F2-4697-B366-07445225C025}"
EndProject
Project("{8BC9CEB8-8B4A-11D0-8D11-00A0C91BC942}") = "Prosit 4 corbeille ex 3", "Prosit 4 corbeille ex 3\Prosit 4 corbeille ex 3.vcxproj", "{97683C7D-7AE1-411D-97F7-79D19C7E6AF9}"
EndProject
Project("{8BC9CEB8-8B4A-11D0-8D11-00A0C91BC942}") = "Prosit 4 corbeille ex 4", "Prosit 4 corbeille ex 4\Prosit 4 corbeille ex 4.vcxproj", "{3B211D95-84BC-4515-8C08-EDB5CB622559}"
EndProject
Project("{8BC9CEB8-8B4A-11D0-8D11-00A0C91BC942}") = "Prosit 4 corbeille ex 5", "Prosit 4 corbeille ex 5\Prosit 4 corbeille ex 5.vcxproj", "{C07602FE-879D-4AA4-9CB5-16553FC36DBB}"
EndProject
Project("{8BC9CEB8-8B4A-11D0-8D11-00A0C91BC942}") = "Prosit 4 corbeille ex 6", "Prosit 4 corbeille ex 6\Prosit 4 corbeille ex 6.vcxproj", "{952B1461-4891-443C-B014-6820F8E9C93A}"
EndProject
Project("{8BC9CEB8-8B4A-11D0-8D11-00A0C91BC942}") = "Prosit 4 corbeille ex 7", "Prosit 4 corbeille ex 7\Prosit 4 corbeille ex 7.vcxproj", "{42F69242-6E69-4BAC-9058-C8ED7EC08E5A}"
EndProject
Project("{8BC9CEB8-8B4A-11D0-8D11-00A0C91BC942}") = "Prosit 4 corbeille ex 8", "Prosit 4 corbeille ex 8\Prosit 4 corbeille ex 8.vcxproj", "{FD690630-52FD-42B8-BAAF-739505F175A2}"
EndProject
Project("{8BC9CEB8-8B4A-11D0-8D11-00A0C91BC942}") = "Prosit 4", "Prosit 4\Prosit 4.vcxproj", "{5136731D-A7E0-4DCD-8752-D58F100FD300}"
EndProject
Project("{8BC9CEB8-8B4A-11D0-8D11-00A0C91BC942}") = "Prosit 4 workshop ex 1", "Prosit 4 workshop ex 1\Prosit 4 workshop ex 1.vcxproj", "{027BBD11-4675-4194-95E5-483FE2A089D6}"
EndProject
Project("{8BC9CEB8-8B4A-11D0-8D11-00A0C91BC942}") = "Prosit 4 workshop ex 2", "Prosit 4 workshop ex 2\Prosit 4 workshop ex 2.vcxproj", "{F84C8BBB-FAEA-45C5-9DBE-06C53ABF1A5E}"
EndProject
Project("{8BC9CEB8-8B4A-11D0-8D11-00A0C91BC942}") = "Prosit 4 workshop ex 3", "Prosit 4 workshop ex 3\Prosit 4 workshop ex 3.vcxproj", "{9848667B-4881-4B6F-858D-4916680D7D0F}"
EndProject
Project("{8BC9CEB8-8B4A-11D0-8D11-00A0C91BC942}") = "Prosit 4 workshop ex 4", "Prosit 4 workshop ex 4\Prosit 4 workshop ex 4.vcxproj", "{DF80723A-11A0-43FF-AF08-6DDB07F59FAE}"
EndProject
Project("{8BC9CEB8-8B4A-11D0-8D11-00A0C91BC942}") = "Prosit 5 corbeille ex 2", "Prosit 5 ex 1 v2\Prosit 5 ex 1 v2.vcxproj", "{DF7AC7DB-FE1D-4BDB-8F6D-AA4646D211B5}"
EndProject
Project("{8BC9CEB8-8B4A-11D0-8D11-00A0C91BC942}") = "Prosit 5", "Prosit 5\Prosit 5.vcxproj", "{296AA70B-EF60-4545-BCDD-FDBBCCC92485}"
EndProject
Project("{8BC9CEB8-8B4A-11D0-8D11-00A0C91BC942}") = "Prosit 5 corbeille ex 3", "Prosit 5 corbeille ex 3\Prosit 5 corbeille ex 3.vcxproj", "{4A87E2ED-35B9-42BF-85AB-ECC100E591DD}"
EndProject
Project("{8BC9CEB8-8B4A-11D0-8D11-00A0C91BC942}") = "Prosit 5 corbeille ex 4", "Prosit 5 corbeille ex 4\Prosit 5 corbeille ex 4.vcxproj", "{2F7EFBEC-2B71-408C-826C-0116A2B91A65}"
EndProject
Project("{8BC9CEB8-8B4A-11D0-8D11-00A0C91BC942}") = "Prosit 5 corbeille ex 5", "Prosit 5 corbeille ex 5\Prosit 5 corbeille ex 5.vcxproj", "{0ADF7442-2DE3-4095-A47D-22900D593ACE}"
EndProject
Project("{8BC9CEB8-8B4A-11D0-8D11-00A0C91BC942}") = "Prosit 6 ressource", "Prosit 6 ressource\Prosit 6 ressource.vcxproj", "{9B7800AB-C35F-40E8-A76C-A0CC68E72865}"
EndProject
Project("{8BC9CEB8-8B4A-11D0-8D11-00A0C91BC942}") = "Prosit 6 corbeille", "Prosit 6 corbeille\Prosit 6 corbeille.vcxproj", "{185C534B-3334-4C0F-8375-8109B9B9D981}"
EndProject
Project("{8BC9CEB8-8B4A-11D0-8D11-00A0C91BC942}") = "Prosit 6", "Prosit 6\Prosit 6.vcxproj", "{21B7314E-68FD-43BB-AE44-363AB41C723A}"
EndProject
Project("{8BC9CEB8-8B4A-11D0-8D11-00A0C91BC942}") = "CCTL Révision", "CCTL Révision\CCTL Révision.vcxproj", "{4C7740C8-F459-454A-9114-97AE44C74879}"
EndProject
Project("{8BC9CEB8-8B4A-11D0-8D11-00A0C91BC942}") = "Prosit 6 workshop p1", "Prosit 6 workshop p1\Prosit 6 workshop p1.vcxproj", "{B34595FC-3899-4576-8477-06AC8D6C8443}"
EndProject
Project("{8BC9CEB8-8B4A-11D0-8D11-00A0C91BC942}") = "Prosit 6 workshop", "Prosit 6 workshop\Prosit 6 workshop.vcxproj", "{01BE872F-D018-4DA7-90F7-5944C3F5F73A}"
EndProject
Project("{8BC9CEB8-8B4A-11D0-8D11-00A0C91BC942}") = "Prototype number 1", "Prototype number 1\Prototype number 1.vcxproj", "{C2DC9F35-798F-4221-AD63-5C98318D4A1B}"
EndProject
Project("{8BC9CEB8-8B4A-11D0-8D11-00A0C91BC942}") = "Prototype number 2", "Prototype number 2\Prototype number 2.vcxproj", "{B467261B-47F2-4DF7-945D-2C0E71AB34A4}"
EndProject
Project("{8BC9CEB8-8B4A-11D0-8D11-00A0C91BC942}") = "Projet POO", "Projet POO\Projet POO.vcxproj", "{3F33A8F9-2E37-4B19-95B6-CFABA3D31967}"
EndProject
Project("{8BC9CEB8-8B4A-11D0-8D11-00A0C91BC942}") = "Projet aide intercampus", "Projet aide intercampus\Projet aide intercampus.vcxproj", "{DC6C3574-7872-424E-A744-B45FD40276ED}"
EndProject
Global
	GlobalSection(SolutionConfigurationPlatforms) = preSolution
		Debug|x64 = Debug|x64
		Debug|x86 = Debug|x86
		Release|x64 = Release|x64
		Release|x86 = Release|x86
	EndGlobalSection
	GlobalSection(ProjectConfigurationPlatforms) = postSolution
		{FAC10882-9A11-45D6-9D69-FEBF625B4986}.Debug|x64.ActiveCfg = Debug|x64
		{FAC10882-9A11-45D6-9D69-FEBF625B4986}.Debug|x64.Build.0 = Debug|x64
		{FAC10882-9A11-45D6-9D69-FEBF625B4986}.Debug|x86.ActiveCfg = Debug|Win32
		{FAC10882-9A11-45D6-9D69-FEBF625B4986}.Debug|x86.Build.0 = Debug|Win32
		{FAC10882-9A11-45D6-9D69-FEBF625B4986}.Release|x64.ActiveCfg = Release|x64
		{FAC10882-9A11-45D6-9D69-FEBF625B4986}.Release|x64.Build.0 = Release|x64
		{FAC10882-9A11-45D6-9D69-FEBF625B4986}.Release|x86.ActiveCfg = Release|Win32
		{FAC10882-9A11-45D6-9D69-FEBF625B4986}.Release|x86.Build.0 = Release|Win32
		{382BFB9E-F42E-4469-92A3-152A52566457}.Debug|x64.ActiveCfg = Debug|x64
		{382BFB9E-F42E-4469-92A3-152A52566457}.Debug|x64.Build.0 = Debug|x64
		{382BFB9E-F42E-4469-92A3-152A52566457}.Debug|x86.ActiveCfg = Debug|Win32
		{382BFB9E-F42E-4469-92A3-152A52566457}.Debug|x86.Build.0 = Debug|Win32
		{382BFB9E-F42E-4469-92A3-152A52566457}.Release|x64.ActiveCfg = Release|x64
		{382BFB9E-F42E-4469-92A3-152A52566457}.Release|x64.Build.0 = Release|x64
		{382BFB9E-F42E-4469-92A3-152A52566457}.Release|x86.ActiveCfg = Release|Win32
		{382BFB9E-F42E-4469-92A3-152A52566457}.Release|x86.Build.0 = Release|Win32
		{F41FFCFA-E657-4C1C-88A3-E525239AF929}.Debug|x64.ActiveCfg = Debug|x64
		{F41FFCFA-E657-4C1C-88A3-E525239AF929}.Debug|x64.Build.0 = Debug|x64
		{F41FFCFA-E657-4C1C-88A3-E525239AF929}.Debug|x86.ActiveCfg = Debug|Win32
		{F41FFCFA-E657-4C1C-88A3-E525239AF929}.Debug|x86.Build.0 = Debug|Win32
		{F41FFCFA-E657-4C1C-88A3-E525239AF929}.Release|x64.ActiveCfg = Release|x64
		{F41FFCFA-E657-4C1C-88A3-E525239AF929}.Release|x64.Build.0 = Release|x64
		{F41FFCFA-E657-4C1C-88A3-E525239AF929}.Release|x86.ActiveCfg = Release|Win32
		{F41FFCFA-E657-4C1C-88A3-E525239AF929}.Release|x86.Build.0 = Release|Win32
		{C1A2F9F5-54F5-4ED1-8EE7-229B79209E4F}.Debug|x64.ActiveCfg = Debug|x64
		{C1A2F9F5-54F5-4ED1-8EE7-229B79209E4F}.Debug|x64.Build.0 = Debug|x64
		{C1A2F9F5-54F5-4ED1-8EE7-229B79209E4F}.Debug|x86.ActiveCfg = Debug|Win32
		{C1A2F9F5-54F5-4ED1-8EE7-229B79209E4F}.Debug|x86.Build.0 = Debug|Win32
		{C1A2F9F5-54F5-4ED1-8EE7-229B79209E4F}.Release|x64.ActiveCfg = Release|x64
		{C1A2F9F5-54F5-4ED1-8EE7-229B79209E4F}.Release|x64.Build.0 = Release|x64
		{C1A2F9F5-54F5-4ED1-8EE7-229B79209E4F}.Release|x86.ActiveCfg = Release|Win32
		{C1A2F9F5-54F5-4ED1-8EE7-229B79209E4F}.Release|x86.Build.0 = Release|Win32
		{9AF88779-D9B2-4680-8BD9-9B04F2AE98DB}.Debug|x64.ActiveCfg = Debug|x64
		{9AF88779-D9B2-4680-8BD9-9B04F2AE98DB}.Debug|x64.Build.0 = Debug|x64
		{9AF88779-D9B2-4680-8BD9-9B04F2AE98DB}.Debug|x86.ActiveCfg = Debug|Win32
		{9AF88779-D9B2-4680-8BD9-9B04F2AE98DB}.Debug|x86.Build.0 = Debug|Win32
		{9AF88779-D9B2-4680-8BD9-9B04F2AE98DB}.Release|x64.ActiveCfg = Release|x64
		{9AF88779-D9B2-4680-8BD9-9B04F2AE98DB}.Release|x64.Build.0 = Release|x64
		{9AF88779-D9B2-4680-8BD9-9B04F2AE98DB}.Release|x86.ActiveCfg = Release|Win32
		{9AF88779-D9B2-4680-8BD9-9B04F2AE98DB}.Release|x86.Build.0 = Release|Win32
		{47977DBA-433B-490A-9E7F-235A2FBDF1DC}.Debug|x64.ActiveCfg = Debug|x64
		{47977DBA-433B-490A-9E7F-235A2FBDF1DC}.Debug|x64.Build.0 = Debug|x64
		{47977DBA-433B-490A-9E7F-235A2FBDF1DC}.Debug|x86.ActiveCfg = Debug|Win32
		{47977DBA-433B-490A-9E7F-235A2FBDF1DC}.Debug|x86.Build.0 = Debug|Win32
		{47977DBA-433B-490A-9E7F-235A2FBDF1DC}.Release|x64.ActiveCfg = Release|x64
		{47977DBA-433B-490A-9E7F-235A2FBDF1DC}.Release|x64.Build.0 = Release|x64
		{47977DBA-433B-490A-9E7F-235A2FBDF1DC}.Release|x86.ActiveCfg = Release|Win32
		{47977DBA-433B-490A-9E7F-235A2FBDF1DC}.Release|x86.Build.0 = Release|Win32
		{5F6D54AA-7895-4FA7-BBA9-A0E0DFEAC363}.Debug|x64.ActiveCfg = Debug|x64
		{5F6D54AA-7895-4FA7-BBA9-A0E0DFEAC363}.Debug|x64.Build.0 = Debug|x64
		{5F6D54AA-7895-4FA7-BBA9-A0E0DFEAC363}.Debug|x86.ActiveCfg = Debug|Win32
		{5F6D54AA-7895-4FA7-BBA9-A0E0DFEAC363}.Debug|x86.Build.0 = Debug|Win32
		{5F6D54AA-7895-4FA7-BBA9-A0E0DFEAC363}.Release|x64.ActiveCfg = Release|x64
		{5F6D54AA-7895-4FA7-BBA9-A0E0DFEAC363}.Release|x64.Build.0 = Release|x64
		{5F6D54AA-7895-4FA7-BBA9-A0E0DFEAC363}.Release|x86.ActiveCfg = Release|Win32
		{5F6D54AA-7895-4FA7-BBA9-A0E0DFEAC363}.Release|x86.Build.0 = Release|Win32
		{36433E4E-E5DA-476F-8A24-F567CB7C56A8}.Debug|x64.ActiveCfg = Release|x64
		{36433E4E-E5DA-476F-8A24-F567CB7C56A8}.Debug|x64.Build.0 = Release|x64
		{36433E4E-E5DA-476F-8A24-F567CB7C56A8}.Debug|x86.ActiveCfg = Debug|Win32
		{36433E4E-E5DA-476F-8A24-F567CB7C56A8}.Debug|x86.Build.0 = Debug|Win32
		{36433E4E-E5DA-476F-8A24-F567CB7C56A8}.Release|x64.ActiveCfg = Release|x64
		{36433E4E-E5DA-476F-8A24-F567CB7C56A8}.Release|x64.Build.0 = Release|x64
		{36433E4E-E5DA-476F-8A24-F567CB7C56A8}.Release|x86.ActiveCfg = Release|Win32
		{36433E4E-E5DA-476F-8A24-F567CB7C56A8}.Release|x86.Build.0 = Release|Win32
		{2BF7B4A4-41A6-4E6B-819B-6D151991AADC}.Debug|x64.ActiveCfg = Debug|x64
		{2BF7B4A4-41A6-4E6B-819B-6D151991AADC}.Debug|x64.Build.0 = Debug|x64
		{2BF7B4A4-41A6-4E6B-819B-6D151991AADC}.Debug|x86.ActiveCfg = Debug|Win32
		{2BF7B4A4-41A6-4E6B-819B-6D151991AADC}.Debug|x86.Build.0 = Debug|Win32
		{2BF7B4A4-41A6-4E6B-819B-6D151991AADC}.Release|x64.ActiveCfg = Release|x64
		{2BF7B4A4-41A6-4E6B-819B-6D151991AADC}.Release|x64.Build.0 = Release|x64
		{2BF7B4A4-41A6-4E6B-819B-6D151991AADC}.Release|x86.ActiveCfg = Release|Win32
		{2BF7B4A4-41A6-4E6B-819B-6D151991AADC}.Release|x86.Build.0 = Release|Win32
		{F34FE520-3C7D-4B56-919B-638D2FADC257}.Debug|x64.ActiveCfg = Debug|x64
		{F34FE520-3C7D-4B56-919B-638D2FADC257}.Debug|x64.Build.0 = Debug|x64
		{F34FE520-3C7D-4B56-919B-638D2FADC257}.Debug|x86.ActiveCfg = Debug|Win32
		{F34FE520-3C7D-4B56-919B-638D2FADC257}.Debug|x86.Build.0 = Debug|Win32
		{F34FE520-3C7D-4B56-919B-638D2FADC257}.Release|x64.ActiveCfg = Release|x64
		{F34FE520-3C7D-4B56-919B-638D2FADC257}.Release|x64.Build.0 = Release|x64
		{F34FE520-3C7D-4B56-919B-638D2FADC257}.Release|x86.ActiveCfg = Release|Win32
		{F34FE520-3C7D-4B56-919B-638D2FADC257}.Release|x86.Build.0 = Release|Win32
		{AB4823DD-1314-4D49-B5F4-74EC130358A7}.Debug|x64.ActiveCfg = Debug|x64
		{AB4823DD-1314-4D49-B5F4-74EC130358A7}.Debug|x64.Build.0 = Debug|x64
		{AB4823DD-1314-4D49-B5F4-74EC130358A7}.Debug|x86.ActiveCfg = Debug|Win32
		{AB4823DD-1314-4D49-B5F4-74EC130358A7}.Debug|x86.Build.0 = Debug|Win32
		{AB4823DD-1314-4D49-B5F4-74EC130358A7}.Release|x64.ActiveCfg = Release|x64
		{AB4823DD-1314-4D49-B5F4-74EC130358A7}.Release|x64.Build.0 = Release|x64
		{AB4823DD-1314-4D49-B5F4-74EC130358A7}.Release|x86.ActiveCfg = Release|Win32
		{AB4823DD-1314-4D49-B5F4-74EC130358A7}.Release|x86.Build.0 = Release|Win32
		{715396E2-0386-416F-8731-29A6201E27EB}.Debug|x64.ActiveCfg = Debug|x64
		{715396E2-0386-416F-8731-29A6201E27EB}.Debug|x64.Build.0 = Debug|x64
		{715396E2-0386-416F-8731-29A6201E27EB}.Debug|x86.ActiveCfg = Debug|Win32
		{715396E2-0386-416F-8731-29A6201E27EB}.Debug|x86.Build.0 = Debug|Win32
		{715396E2-0386-416F-8731-29A6201E27EB}.Release|x64.ActiveCfg = Release|x64
		{715396E2-0386-416F-8731-29A6201E27EB}.Release|x64.Build.0 = Release|x64
		{715396E2-0386-416F-8731-29A6201E27EB}.Release|x86.ActiveCfg = Release|Win32
		{715396E2-0386-416F-8731-29A6201E27EB}.Release|x86.Build.0 = Release|Win32
		{D8729DBC-0E35-42B0-B2CF-3B9D585196A5}.Debug|x64.ActiveCfg = Debug|x64
		{D8729DBC-0E35-42B0-B2CF-3B9D585196A5}.Debug|x64.Build.0 = Debug|x64
		{D8729DBC-0E35-42B0-B2CF-3B9D585196A5}.Debug|x86.ActiveCfg = Debug|Win32
		{D8729DBC-0E35-42B0-B2CF-3B9D585196A5}.Debug|x86.Build.0 = Debug|Win32
		{D8729DBC-0E35-42B0-B2CF-3B9D585196A5}.Release|x64.ActiveCfg = Release|x64
		{D8729DBC-0E35-42B0-B2CF-3B9D585196A5}.Release|x64.Build.0 = Release|x64
		{D8729DBC-0E35-42B0-B2CF-3B9D585196A5}.Release|x86.ActiveCfg = Release|Win32
		{D8729DBC-0E35-42B0-B2CF-3B9D585196A5}.Release|x86.Build.0 = Release|Win32
		{E3E3B5CF-2CF9-4A31-B350-E770E63ECF26}.Debug|x64.ActiveCfg = Debug|x64
		{E3E3B5CF-2CF9-4A31-B350-E770E63ECF26}.Debug|x64.Build.0 = Debug|x64
		{E3E3B5CF-2CF9-4A31-B350-E770E63ECF26}.Debug|x86.ActiveCfg = Debug|Win32
		{E3E3B5CF-2CF9-4A31-B350-E770E63ECF26}.Debug|x86.Build.0 = Debug|Win32
		{E3E3B5CF-2CF9-4A31-B350-E770E63ECF26}.Release|x64.ActiveCfg = Release|x64
		{E3E3B5CF-2CF9-4A31-B350-E770E63ECF26}.Release|x64.Build.0 = Release|x64
		{E3E3B5CF-2CF9-4A31-B350-E770E63ECF26}.Release|x86.ActiveCfg = Release|Win32
		{E3E3B5CF-2CF9-4A31-B350-E770E63ECF26}.Release|x86.Build.0 = Release|Win32
		{32CD97F4-1B2A-47DB-9DAE-94B08EE9E086}.Debug|x64.ActiveCfg = Debug|x64
		{32CD97F4-1B2A-47DB-9DAE-94B08EE9E086}.Debug|x64.Build.0 = Debug|x64
		{32CD97F4-1B2A-47DB-9DAE-94B08EE9E086}.Debug|x86.ActiveCfg = Debug|Win32
		{32CD97F4-1B2A-47DB-9DAE-94B08EE9E086}.Debug|x86.Build.0 = Debug|Win32
		{32CD97F4-1B2A-47DB-9DAE-94B08EE9E086}.Release|x64.ActiveCfg = Release|x64
		{32CD97F4-1B2A-47DB-9DAE-94B08EE9E086}.Release|x64.Build.0 = Release|x64
		{32CD97F4-1B2A-47DB-9DAE-94B08EE9E086}.Release|x86.ActiveCfg = Release|Win32
		{32CD97F4-1B2A-47DB-9DAE-94B08EE9E086}.Release|x86.Build.0 = Release|Win32
		{C5B9E0EA-B68A-43B2-BF44-C57AE6DE4664}.Debug|x64.ActiveCfg = Debug|x64
		{C5B9E0EA-B68A-43B2-BF44-C57AE6DE4664}.Debug|x64.Build.0 = Debug|x64
		{C5B9E0EA-B68A-43B2-BF44-C57AE6DE4664}.Debug|x86.ActiveCfg = Debug|Win32
		{C5B9E0EA-B68A-43B2-BF44-C57AE6DE4664}.Debug|x86.Build.0 = Debug|Win32
		{C5B9E0EA-B68A-43B2-BF44-C57AE6DE4664}.Release|x64.ActiveCfg = Release|x64
		{C5B9E0EA-B68A-43B2-BF44-C57AE6DE4664}.Release|x64.Build.0 = Release|x64
		{C5B9E0EA-B68A-43B2-BF44-C57AE6DE4664}.Release|x86.ActiveCfg = Release|Win32
		{C5B9E0EA-B68A-43B2-BF44-C57AE6DE4664}.Release|x86.Build.0 = Release|Win32
		{677397DE-6318-444D-BF68-DF7CD292F2B8}.Debug|x64.ActiveCfg = Debug|x64
		{677397DE-6318-444D-BF68-DF7CD292F2B8}.Debug|x64.Build.0 = Debug|x64
		{677397DE-6318-444D-BF68-DF7CD292F2B8}.Debug|x86.ActiveCfg = Debug|Win32
		{677397DE-6318-444D-BF68-DF7CD292F2B8}.Debug|x86.Build.0 = Debug|Win32
		{677397DE-6318-444D-BF68-DF7CD292F2B8}.Release|x64.ActiveCfg = Release|x64
		{677397DE-6318-444D-BF68-DF7CD292F2B8}.Release|x64.Build.0 = Release|x64
		{677397DE-6318-444D-BF68-DF7CD292F2B8}.Release|x86.ActiveCfg = Release|Win32
		{677397DE-6318-444D-BF68-DF7CD292F2B8}.Release|x86.Build.0 = Release|Win32
		{906A5304-943A-4180-BCBD-2F76577D757A}.Debug|x64.ActiveCfg = Debug|x64
		{906A5304-943A-4180-BCBD-2F76577D757A}.Debug|x64.Build.0 = Debug|x64
		{906A5304-943A-4180-BCBD-2F76577D757A}.Debug|x86.ActiveCfg = Debug|Win32
		{906A5304-943A-4180-BCBD-2F76577D757A}.Debug|x86.Build.0 = Debug|Win32
		{906A5304-943A-4180-BCBD-2F76577D757A}.Release|x64.ActiveCfg = Release|x64
		{906A5304-943A-4180-BCBD-2F76577D757A}.Release|x64.Build.0 = Release|x64
		{906A5304-943A-4180-BCBD-2F76577D757A}.Release|x86.ActiveCfg = Release|Win32
		{906A5304-943A-4180-BCBD-2F76577D757A}.Release|x86.Build.0 = Release|Win32
		{B286A185-9EEC-4FEC-89DC-389763396182}.Debug|x64.ActiveCfg = Debug|x64
		{B286A185-9EEC-4FEC-89DC-389763396182}.Debug|x64.Build.0 = Debug|x64
		{B286A185-9EEC-4FEC-89DC-389763396182}.Debug|x86.ActiveCfg = Debug|Win32
		{B286A185-9EEC-4FEC-89DC-389763396182}.Debug|x86.Build.0 = Debug|Win32
		{B286A185-9EEC-4FEC-89DC-389763396182}.Release|x64.ActiveCfg = Release|x64
		{B286A185-9EEC-4FEC-89DC-389763396182}.Release|x64.Build.0 = Release|x64
		{B286A185-9EEC-4FEC-89DC-389763396182}.Release|x86.ActiveCfg = Release|Win32
		{B286A185-9EEC-4FEC-89DC-389763396182}.Release|x86.Build.0 = Release|Win32
		{78EC4301-5590-4042-A9F3-F0781E3DBD10}.Debug|x64.ActiveCfg = Debug|x64
		{78EC4301-5590-4042-A9F3-F0781E3DBD10}.Debug|x64.Build.0 = Debug|x64
		{78EC4301-5590-4042-A9F3-F0781E3DBD10}.Debug|x86.ActiveCfg = Debug|Win32
		{78EC4301-5590-4042-A9F3-F0781E3DBD10}.Debug|x86.Build.0 = Debug|Win32
		{78EC4301-5590-4042-A9F3-F0781E3DBD10}.Release|x64.ActiveCfg = Release|x64
		{78EC4301-5590-4042-A9F3-F0781E3DBD10}.Release|x64.Build.0 = Release|x64
		{78EC4301-5590-4042-A9F3-F0781E3DBD10}.Release|x86.ActiveCfg = Release|Win32
		{78EC4301-5590-4042-A9F3-F0781E3DBD10}.Release|x86.Build.0 = Release|Win32
		{AE5F70E7-B886-4B24-BF21-A75C846CC774}.Debug|x64.ActiveCfg = Debug|x64
		{AE5F70E7-B886-4B24-BF21-A75C846CC774}.Debug|x64.Build.0 = Debug|x64
		{AE5F70E7-B886-4B24-BF21-A75C846CC774}.Debug|x86.ActiveCfg = Debug|Win32
		{AE5F70E7-B886-4B24-BF21-A75C846CC774}.Debug|x86.Build.0 = Debug|Win32
		{AE5F70E7-B886-4B24-BF21-A75C846CC774}.Release|x64.ActiveCfg = Release|x64
		{AE5F70E7-B886-4B24-BF21-A75C846CC774}.Release|x64.Build.0 = Release|x64
		{AE5F70E7-B886-4B24-BF21-A75C846CC774}.Release|x86.ActiveCfg = Release|Win32
		{AE5F70E7-B886-4B24-BF21-A75C846CC774}.Release|x86.Build.0 = Release|Win32
		{9EAD1C0A-1ACD-426B-AC1A-A571C55EA5A5}.Debug|x64.ActiveCfg = Debug|x64
		{9EAD1C0A-1ACD-426B-AC1A-A571C55EA5A5}.Debug|x64.Build.0 = Debug|x64
		{9EAD1C0A-1ACD-426B-AC1A-A571C55EA5A5}.Debug|x86.ActiveCfg = Debug|Win32
		{9EAD1C0A-1ACD-426B-AC1A-A571C55EA5A5}.Debug|x86.Build.0 = Debug|Win32
		{9EAD1C0A-1ACD-426B-AC1A-A571C55EA5A5}.Release|x64.ActiveCfg = Release|x64
		{9EAD1C0A-1ACD-426B-AC1A-A571C55EA5A5}.Release|x64.Build.0 = Release|x64
		{9EAD1C0A-1ACD-426B-AC1A-A571C55EA5A5}.Release|x86.ActiveCfg = Release|Win32
		{9EAD1C0A-1ACD-426B-AC1A-A571C55EA5A5}.Release|x86.Build.0 = Release|Win32
		{54F42FA2-6789-4DBC-8F15-DF93A4EA3BBC}.Debug|x64.ActiveCfg = Debug|x64
		{54F42FA2-6789-4DBC-8F15-DF93A4EA3BBC}.Debug|x64.Build.0 = Debug|x64
		{54F42FA2-6789-4DBC-8F15-DF93A4EA3BBC}.Debug|x86.ActiveCfg = Debug|Win32
		{54F42FA2-6789-4DBC-8F15-DF93A4EA3BBC}.Debug|x86.Build.0 = Debug|Win32
		{54F42FA2-6789-4DBC-8F15-DF93A4EA3BBC}.Release|x64.ActiveCfg = Release|x64
		{54F42FA2-6789-4DBC-8F15-DF93A4EA3BBC}.Release|x64.Build.0 = Release|x64
		{54F42FA2-6789-4DBC-8F15-DF93A4EA3BBC}.Release|x86.ActiveCfg = Release|Win32
		{54F42FA2-6789-4DBC-8F15-DF93A4EA3BBC}.Release|x86.Build.0 = Release|Win32
		{3305411C-2EA3-4B54-B82E-05A67D0C7742}.Debug|x64.ActiveCfg = Debug|x64
		{3305411C-2EA3-4B54-B82E-05A67D0C7742}.Debug|x64.Build.0 = Debug|x64
		{3305411C-2EA3-4B54-B82E-05A67D0C7742}.Debug|x86.ActiveCfg = Debug|Win32
		{3305411C-2EA3-4B54-B82E-05A67D0C7742}.Debug|x86.Build.0 = Debug|Win32
		{3305411C-2EA3-4B54-B82E-05A67D0C7742}.Release|x64.ActiveCfg = Release|x64
		{3305411C-2EA3-4B54-B82E-05A67D0C7742}.Release|x64.Build.0 = Release|x64
		{3305411C-2EA3-4B54-B82E-05A67D0C7742}.Release|x86.ActiveCfg = Release|Win32
		{3305411C-2EA3-4B54-B82E-05A67D0C7742}.Release|x86.Build.0 = Release|Win32
		{9F5D6150-96E0-4C26-BFEF-B6BB5E2B4EEE}.Debug|x64.ActiveCfg = Debug|x64
		{9F5D6150-96E0-4C26-BFEF-B6BB5E2B4EEE}.Debug|x64.Build.0 = Debug|x64
		{9F5D6150-96E0-4C26-BFEF-B6BB5E2B4EEE}.Debug|x86.ActiveCfg = Debug|Win32
		{9F5D6150-96E0-4C26-BFEF-B6BB5E2B4EEE}.Debug|x86.Build.0 = Debug|Win32
		{9F5D6150-96E0-4C26-BFEF-B6BB5E2B4EEE}.Release|x64.ActiveCfg = Release|x64
		{9F5D6150-96E0-4C26-BFEF-B6BB5E2B4EEE}.Release|x64.Build.0 = Release|x64
		{9F5D6150-96E0-4C26-BFEF-B6BB5E2B4EEE}.Release|x86.ActiveCfg = Release|Win32
		{9F5D6150-96E0-4C26-BFEF-B6BB5E2B4EEE}.Release|x86.Build.0 = Release|Win32
		{AC6DB9A6-0D07-4FED-956B-E8263F106529}.Debug|x64.ActiveCfg = Debug|x64
		{AC6DB9A6-0D07-4FED-956B-E8263F106529}.Debug|x64.Build.0 = Debug|x64
		{AC6DB9A6-0D07-4FED-956B-E8263F106529}.Debug|x86.ActiveCfg = Debug|Win32
		{AC6DB9A6-0D07-4FED-956B-E8263F106529}.Debug|x86.Build.0 = Debug|Win32
		{AC6DB9A6-0D07-4FED-956B-E8263F106529}.Release|x64.ActiveCfg = Release|x64
		{AC6DB9A6-0D07-4FED-956B-E8263F106529}.Release|x64.Build.0 = Release|x64
		{AC6DB9A6-0D07-4FED-956B-E8263F106529}.Release|x86.ActiveCfg = Release|Win32
		{AC6DB9A6-0D07-4FED-956B-E8263F106529}.Release|x86.Build.0 = Release|Win32
		{C6970B49-FE58-420C-8459-40EA11B34EA3}.Debug|x64.ActiveCfg = Debug|x64
		{C6970B49-FE58-420C-8459-40EA11B34EA3}.Debug|x64.Build.0 = Debug|x64
		{C6970B49-FE58-420C-8459-40EA11B34EA3}.Debug|x86.ActiveCfg = Debug|Win32
		{C6970B49-FE58-420C-8459-40EA11B34EA3}.Debug|x86.Build.0 = Debug|Win32
		{C6970B49-FE58-420C-8459-40EA11B34EA3}.Release|x64.ActiveCfg = Release|x64
		{C6970B49-FE58-420C-8459-40EA11B34EA3}.Release|x64.Build.0 = Release|x64
		{C6970B49-FE58-420C-8459-40EA11B34EA3}.Release|x86.ActiveCfg = Release|Win32
		{C6970B49-FE58-420C-8459-40EA11B34EA3}.Release|x86.Build.0 = Release|Win32
		{3D0C0334-63F2-4697-B366-07445225C025}.Debug|x64.ActiveCfg = Debug|x64
		{3D0C0334-63F2-4697-B366-07445225C025}.Debug|x64.Build.0 = Debug|x64
		{3D0C0334-63F2-4697-B366-07445225C025}.Debug|x86.ActiveCfg = Debug|Win32
		{3D0C0334-63F2-4697-B366-07445225C025}.Debug|x86.Build.0 = Debug|Win32
		{3D0C0334-63F2-4697-B366-07445225C025}.Release|x64.ActiveCfg = Release|x64
		{3D0C0334-63F2-4697-B366-07445225C025}.Release|x64.Build.0 = Release|x64
		{3D0C0334-63F2-4697-B366-07445225C025}.Release|x86.ActiveCfg = Release|Win32
		{3D0C0334-63F2-4697-B366-07445225C025}.Release|x86.Build.0 = Release|Win32
		{97683C7D-7AE1-411D-97F7-79D19C7E6AF9}.Debug|x64.ActiveCfg = Debug|x64
		{97683C7D-7AE1-411D-97F7-79D19C7E6AF9}.Debug|x64.Build.0 = Debug|x64
		{97683C7D-7AE1-411D-97F7-79D19C7E6AF9}.Debug|x86.ActiveCfg = Debug|Win32
		{97683C7D-7AE1-411D-97F7-79D19C7E6AF9}.Debug|x86.Build.0 = Debug|Win32
		{97683C7D-7AE1-411D-97F7-79D19C7E6AF9}.Release|x64.ActiveCfg = Release|x64
		{97683C7D-7AE1-411D-97F7-79D19C7E6AF9}.Release|x64.Build.0 = Release|x64
		{97683C7D-7AE1-411D-97F7-79D19C7E6AF9}.Release|x86.ActiveCfg = Release|Win32
		{97683C7D-7AE1-411D-97F7-79D19C7E6AF9}.Release|x86.Build.0 = Release|Win32
		{3B211D95-84BC-4515-8C08-EDB5CB622559}.Debug|x64.ActiveCfg = Debug|x64
		{3B211D95-84BC-4515-8C08-EDB5CB622559}.Debug|x64.Build.0 = Debug|x64
		{3B211D95-84BC-4515-8C08-EDB5CB622559}.Debug|x86.ActiveCfg = Debug|Win32
		{3B211D95-84BC-4515-8C08-EDB5CB622559}.Debug|x86.Build.0 = Debug|Win32
		{3B211D95-84BC-4515-8C08-EDB5CB622559}.Release|x64.ActiveCfg = Release|x64
		{3B211D95-84BC-4515-8C08-EDB5CB622559}.Release|x64.Build.0 = Release|x64
		{3B211D95-84BC-4515-8C08-EDB5CB622559}.Release|x86.ActiveCfg = Release|Win32
		{3B211D95-84BC-4515-8C08-EDB5CB622559}.Release|x86.Build.0 = Release|Win32
		{C07602FE-879D-4AA4-9CB5-16553FC36DBB}.Debug|x64.ActiveCfg = Debug|x64
		{C07602FE-879D-4AA4-9CB5-16553FC36DBB}.Debug|x64.Build.0 = Debug|x64
		{C07602FE-879D-4AA4-9CB5-16553FC36DBB}.Debug|x86.ActiveCfg = Debug|Win32
		{C07602FE-879D-4AA4-9CB5-16553FC36DBB}.Debug|x86.Build.0 = Debug|Win32
		{C07602FE-879D-4AA4-9CB5-16553FC36DBB}.Release|x64.ActiveCfg = Release|x64
		{C07602FE-879D-4AA4-9CB5-16553FC36DBB}.Release|x64.Build.0 = Release|x64
		{C07602FE-879D-4AA4-9CB5-16553FC36DBB}.Release|x86.ActiveCfg = Release|Win32
		{C07602FE-879D-4AA4-9CB5-16553FC36DBB}.Release|x86.Build.0 = Release|Win32
		{952B1461-4891-443C-B014-6820F8E9C93A}.Debug|x64.ActiveCfg = Debug|x64
		{952B1461-4891-443C-B014-6820F8E9C93A}.Debug|x64.Build.0 = Debug|x64
		{952B1461-4891-443C-B014-6820F8E9C93A}.Debug|x86.ActiveCfg = Debug|Win32
		{952B1461-4891-443C-B014-6820F8E9C93A}.Debug|x86.Build.0 = Debug|Win32
		{952B1461-4891-443C-B014-6820F8E9C93A}.Release|x64.ActiveCfg = Release|x64
		{952B1461-4891-443C-B014-6820F8E9C93A}.Release|x64.Build.0 = Release|x64
		{952B1461-4891-443C-B014-6820F8E9C93A}.Release|x86.ActiveCfg = Release|Win32
		{952B1461-4891-443C-B014-6820F8E9C93A}.Release|x86.Build.0 = Release|Win32
		{42F69242-6E69-4BAC-9058-C8ED7EC08E5A}.Debug|x64.ActiveCfg = Debug|x64
		{42F69242-6E69-4BAC-9058-C8ED7EC08E5A}.Debug|x64.Build.0 = Debug|x64
		{42F69242-6E69-4BAC-9058-C8ED7EC08E5A}.Debug|x86.ActiveCfg = Debug|Win32
		{42F69242-6E69-4BAC-9058-C8ED7EC08E5A}.Debug|x86.Build.0 = Debug|Win32
		{42F69242-6E69-4BAC-9058-C8ED7EC08E5A}.Release|x64.ActiveCfg = Release|x64
		{42F69242-6E69-4BAC-9058-C8ED7EC08E5A}.Release|x64.Build.0 = Release|x64
		{42F69242-6E69-4BAC-9058-C8ED7EC08E5A}.Release|x86.ActiveCfg = Release|Win32
		{42F69242-6E69-4BAC-9058-C8ED7EC08E5A}.Release|x86.Build.0 = Release|Win32
		{FD690630-52FD-42B8-BAAF-739505F175A2}.Debug|x64.ActiveCfg = Debug|x64
		{FD690630-52FD-42B8-BAAF-739505F175A2}.Debug|x64.Build.0 = Debug|x64
		{FD690630-52FD-42B8-BAAF-739505F175A2}.Debug|x86.ActiveCfg = Debug|Win32
		{FD690630-52FD-42B8-BAAF-739505F175A2}.Debug|x86.Build.0 = Debug|Win32
		{FD690630-52FD-42B8-BAAF-739505F175A2}.Release|x64.ActiveCfg = Release|x64
		{FD690630-52FD-42B8-BAAF-739505F175A2}.Release|x64.Build.0 = Release|x64
		{FD690630-52FD-42B8-BAAF-739505F175A2}.Release|x86.ActiveCfg = Release|Win32
		{FD690630-52FD-42B8-BAAF-739505F175A2}.Release|x86.Build.0 = Release|Win32
		{5136731D-A7E0-4DCD-8752-D58F100FD300}.Debug|x64.ActiveCfg = Debug|x64
		{5136731D-A7E0-4DCD-8752-D58F100FD300}.Debug|x64.Build.0 = Debug|x64
		{5136731D-A7E0-4DCD-8752-D58F100FD300}.Debug|x86.ActiveCfg = Debug|Win32
		{5136731D-A7E0-4DCD-8752-D58F100FD300}.Debug|x86.Build.0 = Debug|Win32
		{5136731D-A7E0-4DCD-8752-D58F100FD300}.Release|x64.ActiveCfg = Release|x64
		{5136731D-A7E0-4DCD-8752-D58F100FD300}.Release|x64.Build.0 = Release|x64
		{5136731D-A7E0-4DCD-8752-D58F100FD300}.Release|x86.ActiveCfg = Release|Win32
		{5136731D-A7E0-4DCD-8752-D58F100FD300}.Release|x86.Build.0 = Release|Win32
		{027BBD11-4675-4194-95E5-483FE2A089D6}.Debug|x64.ActiveCfg = Debug|x64
		{027BBD11-4675-4194-95E5-483FE2A089D6}.Debug|x64.Build.0 = Debug|x64
		{027BBD11-4675-4194-95E5-483FE2A089D6}.Debug|x86.ActiveCfg = Debug|Win32
		{027BBD11-4675-4194-95E5-483FE2A089D6}.Debug|x86.Build.0 = Debug|Win32
		{027BBD11-4675-4194-95E5-483FE2A089D6}.Release|x64.ActiveCfg = Release|x64
		{027BBD11-4675-4194-95E5-483FE2A089D6}.Release|x64.Build.0 = Release|x64
		{027BBD11-4675-4194-95E5-483FE2A089D6}.Release|x86.ActiveCfg = Release|Win32
		{027BBD11-4675-4194-95E5-483FE2A089D6}.Release|x86.Build.0 = Release|Win32
		{F84C8BBB-FAEA-45C5-9DBE-06C53ABF1A5E}.Debug|x64.ActiveCfg = Debug|x64
		{F84C8BBB-FAEA-45C5-9DBE-06C53ABF1A5E}.Debug|x64.Build.0 = Debug|x64
		{F84C8BBB-FAEA-45C5-9DBE-06C53ABF1A5E}.Debug|x86.ActiveCfg = Debug|Win32
		{F84C8BBB-FAEA-45C5-9DBE-06C53ABF1A5E}.Debug|x86.Build.0 = Debug|Win32
		{F84C8BBB-FAEA-45C5-9DBE-06C53ABF1A5E}.Release|x64.ActiveCfg = Release|x64
		{F84C8BBB-FAEA-45C5-9DBE-06C53ABF1A5E}.Release|x64.Build.0 = Release|x64
		{F84C8BBB-FAEA-45C5-9DBE-06C53ABF1A5E}.Release|x86.ActiveCfg = Release|Win32
		{F84C8BBB-FAEA-45C5-9DBE-06C53ABF1A5E}.Release|x86.Build.0 = Release|Win32
		{9848667B-4881-4B6F-858D-4916680D7D0F}.Debug|x64.ActiveCfg = Debug|x64
		{9848667B-4881-4B6F-858D-4916680D7D0F}.Debug|x64.Build.0 = Debug|x64
		{9848667B-4881-4B6F-858D-4916680D7D0F}.Debug|x86.ActiveCfg = Debug|Win32
		{9848667B-4881-4B6F-858D-4916680D7D0F}.Debug|x86.Build.0 = Debug|Win32
		{9848667B-4881-4B6F-858D-4916680D7D0F}.Release|x64.ActiveCfg = Release|x64
		{9848667B-4881-4B6F-858D-4916680D7D0F}.Release|x64.Build.0 = Release|x64
		{9848667B-4881-4B6F-858D-4916680D7D0F}.Release|x86.ActiveCfg = Release|Win32
		{9848667B-4881-4B6F-858D-4916680D7D0F}.Release|x86.Build.0 = Release|Win32
		{DF80723A-11A0-43FF-AF08-6DDB07F59FAE}.Debug|x64.ActiveCfg = Debug|x64
		{DF80723A-11A0-43FF-AF08-6DDB07F59FAE}.Debug|x64.Build.0 = Debug|x64
		{DF80723A-11A0-43FF-AF08-6DDB07F59FAE}.Debug|x86.ActiveCfg = Debug|Win32
		{DF80723A-11A0-43FF-AF08-6DDB07F59FAE}.Debug|x86.Build.0 = Debug|Win32
		{DF80723A-11A0-43FF-AF08-6DDB07F59FAE}.Release|x64.ActiveCfg = Release|x64
		{DF80723A-11A0-43FF-AF08-6DDB07F59FAE}.Release|x64.Build.0 = Release|x64
		{DF80723A-11A0-43FF-AF08-6DDB07F59FAE}.Release|x86.ActiveCfg = Release|Win32
		{DF80723A-11A0-43FF-AF08-6DDB07F59FAE}.Release|x86.Build.0 = Release|Win32
		{DF7AC7DB-FE1D-4BDB-8F6D-AA4646D211B5}.Debug|x64.ActiveCfg = Debug|x64
		{DF7AC7DB-FE1D-4BDB-8F6D-AA4646D211B5}.Debug|x64.Build.0 = Debug|x64
		{DF7AC7DB-FE1D-4BDB-8F6D-AA4646D211B5}.Debug|x86.ActiveCfg = Debug|Win32
		{DF7AC7DB-FE1D-4BDB-8F6D-AA4646D211B5}.Debug|x86.Build.0 = Debug|Win32
		{DF7AC7DB-FE1D-4BDB-8F6D-AA4646D211B5}.Release|x64.ActiveCfg = Release|x64
		{DF7AC7DB-FE1D-4BDB-8F6D-AA4646D211B5}.Release|x64.Build.0 = Release|x64
		{DF7AC7DB-FE1D-4BDB-8F6D-AA4646D211B5}.Release|x86.ActiveCfg = Release|Win32
		{DF7AC7DB-FE1D-4BDB-8F6D-AA4646D211B5}.Release|x86.Build.0 = Release|Win32
		{296AA70B-EF60-4545-BCDD-FDBBCCC92485}.Debug|x64.ActiveCfg = Debug|x64
		{296AA70B-EF60-4545-BCDD-FDBBCCC92485}.Debug|x64.Build.0 = Debug|x64
		{296AA70B-EF60-4545-BCDD-FDBBCCC92485}.Debug|x86.ActiveCfg = Debug|Win32
		{296AA70B-EF60-4545-BCDD-FDBBCCC92485}.Debug|x86.Build.0 = Debug|Win32
		{296AA70B-EF60-4545-BCDD-FDBBCCC92485}.Release|x64.ActiveCfg = Release|x64
		{296AA70B-EF60-4545-BCDD-FDBBCCC92485}.Release|x64.Build.0 = Release|x64
		{296AA70B-EF60-4545-BCDD-FDBBCCC92485}.Release|x86.ActiveCfg = Release|Win32
		{296AA70B-EF60-4545-BCDD-FDBBCCC92485}.Release|x86.Build.0 = Release|Win32
		{4A87E2ED-35B9-42BF-85AB-ECC100E591DD}.Debug|x64.ActiveCfg = Debug|x64
		{4A87E2ED-35B9-42BF-85AB-ECC100E591DD}.Debug|x64.Build.0 = Debug|x64
		{4A87E2ED-35B9-42BF-85AB-ECC100E591DD}.Debug|x86.ActiveCfg = Debug|Win32
		{4A87E2ED-35B9-42BF-85AB-ECC100E591DD}.Debug|x86.Build.0 = Debug|Win32
		{4A87E2ED-35B9-42BF-85AB-ECC100E591DD}.Release|x64.ActiveCfg = Release|x64
		{4A87E2ED-35B9-42BF-85AB-ECC100E591DD}.Release|x64.Build.0 = Release|x64
		{4A87E2ED-35B9-42BF-85AB-ECC100E591DD}.Release|x86.ActiveCfg = Release|Win32
		{4A87E2ED-35B9-42BF-85AB-ECC100E591DD}.Release|x86.Build.0 = Release|Win32
		{2F7EFBEC-2B71-408C-826C-0116A2B91A65}.Debug|x64.ActiveCfg = Debug|x64
		{2F7EFBEC-2B71-408C-826C-0116A2B91A65}.Debug|x64.Build.0 = Debug|x64
		{2F7EFBEC-2B71-408C-826C-0116A2B91A65}.Debug|x86.ActiveCfg = Debug|Win32
		{2F7EFBEC-2B71-408C-826C-0116A2B91A65}.Debug|x86.Build.0 = Debug|Win32
		{2F7EFBEC-2B71-408C-826C-0116A2B91A65}.Release|x64.ActiveCfg = Release|x64
		{2F7EFBEC-2B71-408C-826C-0116A2B91A65}.Release|x64.Build.0 = Release|x64
		{2F7EFBEC-2B71-408C-826C-0116A2B91A65}.Release|x86.ActiveCfg = Release|Win32
		{2F7EFBEC-2B71-408C-826C-0116A2B91A65}.Release|x86.Build.0 = Release|Win32
		{0ADF7442-2DE3-4095-A47D-22900D593ACE}.Debug|x64.ActiveCfg = Debug|x64
		{0ADF7442-2DE3-4095-A47D-22900D593ACE}.Debug|x64.Build.0 = Debug|x64
		{0ADF7442-2DE3-4095-A47D-22900D593ACE}.Debug|x86.ActiveCfg = Debug|Win32
		{0ADF7442-2DE3-4095-A47D-22900D593ACE}.Debug|x86.Build.0 = Debug|Win32
		{0ADF7442-2DE3-4095-A47D-22900D593ACE}.Release|x64.ActiveCfg = Release|x64
		{0ADF7442-2DE3-4095-A47D-22900D593ACE}.Release|x64.Build.0 = Release|x64
		{0ADF7442-2DE3-4095-A47D-22900D593ACE}.Release|x86.ActiveCfg = Release|Win32
		{0ADF7442-2DE3-4095-A47D-22900D593ACE}.Release|x86.Build.0 = Release|Win32
		{9B7800AB-C35F-40E8-A76C-A0CC68E72865}.Debug|x64.ActiveCfg = Debug|x64
		{9B7800AB-C35F-40E8-A76C-A0CC68E72865}.Debug|x64.Build.0 = Debug|x64
		{9B7800AB-C35F-40E8-A76C-A0CC68E72865}.Debug|x86.ActiveCfg = Debug|Win32
		{9B7800AB-C35F-40E8-A76C-A0CC68E72865}.Debug|x86.Build.0 = Debug|Win32
		{9B7800AB-C35F-40E8-A76C-A0CC68E72865}.Release|x64.ActiveCfg = Release|x64
		{9B7800AB-C35F-40E8-A76C-A0CC68E72865}.Release|x64.Build.0 = Release|x64
		{9B7800AB-C35F-40E8-A76C-A0CC68E72865}.Release|x86.ActiveCfg = Release|Win32
		{9B7800AB-C35F-40E8-A76C-A0CC68E72865}.Release|x86.Build.0 = Release|Win32
		{185C534B-3334-4C0F-8375-8109B9B9D981}.Debug|x64.ActiveCfg = Debug|x64
		{185C534B-3334-4C0F-8375-8109B9B9D981}.Debug|x64.Build.0 = Debug|x64
		{185C534B-3334-4C0F-8375-8109B9B9D981}.Debug|x86.ActiveCfg = Debug|Win32
		{185C534B-3334-4C0F-8375-8109B9B9D981}.Debug|x86.Build.0 = Debug|Win32
		{185C534B-3334-4C0F-8375-8109B9B9D981}.Release|x64.ActiveCfg = Release|x64
		{185C534B-3334-4C0F-8375-8109B9B9D981}.Release|x64.Build.0 = Release|x64
		{185C534B-3334-4C0F-8375-8109B9B9D981}.Release|x86.ActiveCfg = Release|Win32
		{185C534B-3334-4C0F-8375-8109B9B9D981}.Release|x86.Build.0 = Release|Win32
		{21B7314E-68FD-43BB-AE44-363AB41C723A}.Debug|x64.ActiveCfg = Debug|x64
		{21B7314E-68FD-43BB-AE44-363AB41C723A}.Debug|x64.Build.0 = Debug|x64
		{21B7314E-68FD-43BB-AE44-363AB41C723A}.Debug|x86.ActiveCfg = Debug|Win32
		{21B7314E-68FD-43BB-AE44-363AB41C723A}.Debug|x86.Build.0 = Debug|Win32
		{21B7314E-68FD-43BB-AE44-363AB41C723A}.Release|x64.ActiveCfg = Release|x64
		{21B7314E-68FD-43BB-AE44-363AB41C723A}.Release|x64.Build.0 = Release|x64
		{21B7314E-68FD-43BB-AE44-363AB41C723A}.Release|x86.ActiveCfg = Release|Win32
		{21B7314E-68FD-43BB-AE44-363AB41C723A}.Release|x86.Build.0 = Release|Win32
		{4C7740C8-F459-454A-9114-97AE44C74879}.Debug|x64.ActiveCfg = Debug|x64
		{4C7740C8-F459-454A-9114-97AE44C74879}.Debug|x64.Build.0 = Debug|x64
		{4C7740C8-F459-454A-9114-97AE44C74879}.Debug|x86.ActiveCfg = Debug|Win32
		{4C7740C8-F459-454A-9114-97AE44C74879}.Debug|x86.Build.0 = Debug|Win32
		{4C7740C8-F459-454A-9114-97AE44C74879}.Release|x64.ActiveCfg = Release|x64
		{4C7740C8-F459-454A-9114-97AE44C74879}.Release|x64.Build.0 = Release|x64
		{4C7740C8-F459-454A-9114-97AE44C74879}.Release|x86.ActiveCfg = Release|Win32
		{4C7740C8-F459-454A-9114-97AE44C74879}.Release|x86.Build.0 = Release|Win32
		{B34595FC-3899-4576-8477-06AC8D6C8443}.Debug|x64.ActiveCfg = Debug|x64
		{B34595FC-3899-4576-8477-06AC8D6C8443}.Debug|x64.Build.0 = Debug|x64
		{B34595FC-3899-4576-8477-06AC8D6C8443}.Debug|x86.ActiveCfg = Debug|Win32
		{B34595FC-3899-4576-8477-06AC8D6C8443}.Debug|x86.Build.0 = Debug|Win32
		{B34595FC-3899-4576-8477-06AC8D6C8443}.Release|x64.ActiveCfg = Release|x64
		{B34595FC-3899-4576-8477-06AC8D6C8443}.Release|x64.Build.0 = Release|x64
		{B34595FC-3899-4576-8477-06AC8D6C8443}.Release|x86.ActiveCfg = Release|Win32
		{B34595FC-3899-4576-8477-06AC8D6C8443}.Release|x86.Build.0 = Release|Win32
		{01BE872F-D018-4DA7-90F7-5944C3F5F73A}.Debug|x64.ActiveCfg = Debug|x64
		{01BE872F-D018-4DA7-90F7-5944C3F5F73A}.Debug|x64.Build.0 = Debug|x64
		{01BE872F-D018-4DA7-90F7-5944C3F5F73A}.Debug|x86.ActiveCfg = Debug|Win32
		{01BE872F-D018-4DA7-90F7-5944C3F5F73A}.Debug|x86.Build.0 = Debug|Win32
		{01BE872F-D018-4DA7-90F7-5944C3F5F73A}.Release|x64.ActiveCfg = Release|x64
		{01BE872F-D018-4DA7-90F7-5944C3F5F73A}.Release|x64.Build.0 = Release|x64
		{01BE872F-D018-4DA7-90F7-5944C3F5F73A}.Release|x86.ActiveCfg = Release|Win32
		{01BE872F-D018-4DA7-90F7-5944C3F5F73A}.Release|x86.Build.0 = Release|Win32
		{C2DC9F35-798F-4221-AD63-5C98318D4A1B}.Debug|x64.ActiveCfg = Debug|x64
		{C2DC9F35-798F-4221-AD63-5C98318D4A1B}.Debug|x64.Build.0 = Debug|x64
		{C2DC9F35-798F-4221-AD63-5C98318D4A1B}.Debug|x86.ActiveCfg = Debug|Win32
		{C2DC9F35-798F-4221-AD63-5C98318D4A1B}.Debug|x86.Build.0 = Debug|Win32
		{C2DC9F35-798F-4221-AD63-5C98318D4A1B}.Release|x64.ActiveCfg = Release|x64
		{C2DC9F35-798F-4221-AD63-5C98318D4A1B}.Release|x64.Build.0 = Release|x64
		{C2DC9F35-798F-4221-AD63-5C98318D4A1B}.Release|x86.ActiveCfg = Release|Win32
		{C2DC9F35-798F-4221-AD63-5C98318D4A1B}.Release|x86.Build.0 = Release|Win32
		{B467261B-47F2-4DF7-945D-2C0E71AB34A4}.Debug|x64.ActiveCfg = Debug|x64
		{B467261B-47F2-4DF7-945D-2C0E71AB34A4}.Debug|x64.Build.0 = Debug|x64
		{B467261B-47F2-4DF7-945D-2C0E71AB34A4}.Debug|x86.ActiveCfg = Debug|Win32
		{B467261B-47F2-4DF7-945D-2C0E71AB34A4}.Debug|x86.Build.0 = Debug|Win32
		{B467261B-47F2-4DF7-945D-2C0E71AB34A4}.Release|x64.ActiveCfg = Release|x64
		{B467261B-47F2-4DF7-945D-2C0E71AB34A4}.Release|x64.Build.0 = Release|x64
		{B467261B-47F2-4DF7-945D-2C0E71AB34A4}.Release|x86.ActiveCfg = Release|Win32
		{B467261B-47F2-4DF7-945D-2C0E71AB34A4}.Release|x86.Build.0 = Release|Win32
		{3F33A8F9-2E37-4B19-95B6-CFABA3D31967}.Debug|x64.ActiveCfg = Debug|x64
		{3F33A8F9-2E37-4B19-95B6-CFABA3D31967}.Debug|x64.Build.0 = Debug|x64
		{3F33A8F9-2E37-4B19-95B6-CFABA3D31967}.Debug|x86.ActiveCfg = Debug|Win32
		{3F33A8F9-2E37-4B19-95B6-CFABA3D31967}.Debug|x86.Build.0 = Debug|Win32
		{3F33A8F9-2E37-4B19-95B6-CFABA3D31967}.Release|x64.ActiveCfg = Release|x64
		{3F33A8F9-2E37-4B19-95B6-CFABA3D31967}.Release|x64.Build.0 = Release|x64
		{3F33A8F9-2E37-4B19-95B6-CFABA3D31967}.Release|x86.ActiveCfg = Release|Win32
		{3F33A8F9-2E37-4B19-95B6-CFABA3D31967}.Release|x86.Build.0 = Release|Win32
		{DC6C3574-7872-424E-A744-B45FD40276ED}.Debug|x64.ActiveCfg = Debug|x64
		{DC6C3574-7872-424E-A744-B45FD40276ED}.Debug|x64.Build.0 = Debug|x64
		{DC6C3574-7872-424E-A744-B45FD40276ED}.Debug|x86.ActiveCfg = Debug|Win32
		{DC6C3574-7872-424E-A744-B45FD40276ED}.Debug|x86.Build.0 = Debug|Win32
		{DC6C3574-7872-424E-A744-B45FD40276ED}.Release|x64.ActiveCfg = Release|x64
		{DC6C3574-7872-424E-A744-B45FD40276ED}.Release|x64.Build.0 = Release|x64
		{DC6C3574-7872-424E-A744-B45FD40276ED}.Release|x86.ActiveCfg = Release|Win32
		{DC6C3574-7872-424E-A744-B45FD40276ED}.Release|x86.Build.0 = Release|Win32
	EndGlobalSection
	GlobalSection(SolutionProperties) = preSolution
		HideSolutionNode = FALSE
	EndGlobalSection
	GlobalSection(ExtensibilityGlobals) = postSolution
		SolutionGuid = {2ACEEACA-1D13-4AC2-989F-85F37A3772B5}
	EndGlobalSection
EndGlobal
